
Microsoft Visual Studio Solution File, Format Version 10.00
# Visual Studio 2008
Project("{FAE04EC0-301F-11D3-BF4B-00C04F79EFBC}") = "CrestronSSProUIExtensionsLibrary", "CrestronSSProUIExtensionsLibrary.csproj", "{5B58E68C-9062-438B-95CA-18B7731C7335}"
EndProject
Project("{FAE04EC0-301F-11D3-BF4B-00C04F79EFBC}") = "CrestronSSProExtensionsLibrary", "..\CrestronSSProExtensionsLibrary\CrestronSSProExtensionsLibrary.csproj", "{75F60FD9-C86C-4158-A54F-3307FEBE2AFA}"
EndProject
Global
	GlobalSection(SolutionConfigurationPlatforms) = preSolution
		Debug|Any CPU = Debug|Any CPU
		Release|Any CPU = Release|Any CPU
	EndGlobalSection
	GlobalSection(ProjectConfigurationPlatforms) = postSolution
		{5B58E68C-9062-438B-95CA-18B7731C7335}.Debug|Any CPU.ActiveCfg = Debug|Any CPU
		{5B58E68C-9062-438B-95CA-18B7731C7335}.Debug|Any CPU.Build.0 = Debug|Any CPU
		{5B58E68C-9062-438B-95CA-18B7731C7335}.Release|Any CPU.ActiveCfg = Release|Any CPU
		{5B58E68C-9062-438B-95CA-18B7731C7335}.Release|Any CPU.Build.0 = Release|Any CPU
		{75F60FD9-C86C-4158-A54F-3307FEBE2AFA}.Debug|Any CPU.ActiveCfg = Debug|Any CPU
		{75F60FD9-C86C-4158-A54F-3307FEBE2AFA}.Debug|Any CPU.Build.0 = Debug|Any CPU
		{75F60FD9-C86C-4158-A54F-3307FEBE2AFA}.Release|Any CPU.ActiveCfg = Release|Any CPU
		{75F60FD9-C86C-4158-A54F-3307FEBE2AFA}.Release|Any CPU.Build.0 = Release|Any CPU
	EndGlobalSection
	GlobalSection(SolutionProperties) = preSolution
		HideSolutionNode = FALSE
	EndGlobalSection
EndGlobal
